
Microsoft Visual Studio Solution File, Format Version 12.00
# Visual Studio Version 17
VisualStudioVersion = 17.13.35507.96
MinimumVisualStudioVersion = 10.0.40219.1
Project("{FAE04EC0-301F-11D3-BF4B-00C04F79EFBC}") = "Shoply.Application", "src\Shoply.Application\Shoply.Application.csproj", "{CAA71297-C82D-4B0B-A7C1-9753E846383C}"
EndProject
Project("{FAE04EC0-301F-11D3-BF4B-00C04F79EFBC}") = "Shoply.Arguments", "src\Shoply.Arguments\Shoply.Arguments.csproj", "{369E00BE-572F-4D53-AB80-9C284B70BDD8}"
EndProject
Project("{FAE04EC0-301F-11D3-BF4B-00C04F79EFBC}") = "Shoply.Domain", "src\Shoply.Domain\Shoply.Domain.csproj", "{7E1573C1-6875-4FA5-86C6-963D9987C051}"
EndProject
Project("{FAE04EC0-301F-11D3-BF4B-00C04F79EFBC}") = "Shoply.Security", "src\Shoply.Security\Shoply.Security.csproj", "{FB4C041E-7944-4403-A75F-0E44D102823F}"
EndProject
Project("{FAE04EC0-301F-11D3-BF4B-00C04F79EFBC}") = "Shoply.Infrastructure", "src\Shoply.Infrastructure\Shoply.Infrastructure.csproj", "{16F99FC3-DB92-4DAB-ACDE-B36250D6B89C}"
EndProject
Project("{FAE04EC0-301F-11D3-BF4B-00C04F79EFBC}") = "Shoply.Api", "src\Shoply.Api\Shoply.Api.csproj", "{24719D72-D2CE-417A-8767-1FFDB30F9390}"
EndProject
Project("{FAE04EC0-301F-11D3-BF4B-00C04F79EFBC}") = "Shoply.Translation", "src\Shoply.Translation\Shoply.Translation.csproj", "{269A60F3-2BCF-4B3B-AB33-64F70AC30FD6}"
EndProject
Global
	GlobalSection(SolutionConfigurationPlatforms) = preSolution
		Debug|Any CPU = Debug|Any CPU
		Release|Any CPU = Release|Any CPU
	EndGlobalSection
	GlobalSection(ProjectConfigurationPlatforms) = postSolution
		{CAA71297-C82D-4B0B-A7C1-9753E846383C}.Debug|Any CPU.ActiveCfg = Debug|Any CPU
		{CAA71297-C82D-4B0B-A7C1-9753E846383C}.Debug|Any CPU.Build.0 = Debug|Any CPU
		{CAA71297-C82D-4B0B-A7C1-9753E846383C}.Release|Any CPU.ActiveCfg = Release|Any CPU
		{CAA71297-C82D-4B0B-A7C1-9753E846383C}.Release|Any CPU.Build.0 = Release|Any CPU
		{369E00BE-572F-4D53-AB80-9C284B70BDD8}.Debug|Any CPU.ActiveCfg = Debug|Any CPU
		{369E00BE-572F-4D53-AB80-9C284B70BDD8}.Debug|Any CPU.Build.0 = Debug|Any CPU
		{369E00BE-572F-4D53-AB80-9C284B70BDD8}.Release|Any CPU.ActiveCfg = Release|Any CPU
		{369E00BE-572F-4D53-AB80-9C284B70BDD8}.Release|Any CPU.Build.0 = Release|Any CPU
		{7E1573C1-6875-4FA5-86C6-963D9987C051}.Debug|Any CPU.ActiveCfg = Debug|Any CPU
		{7E1573C1-6875-4FA5-86C6-963D9987C051}.Debug|Any CPU.Build.0 = Debug|Any CPU
		{7E1573C1-6875-4FA5-86C6-963D9987C051}.Release|Any CPU.ActiveCfg = Release|Any CPU
		{7E1573C1-6875-4FA5-86C6-963D9987C051}.Release|Any CPU.Build.0 = Release|Any CPU
		{FB4C041E-7944-4403-A75F-0E44D102823F}.Debug|Any CPU.ActiveCfg = Debug|Any CPU
		{FB4C041E-7944-4403-A75F-0E44D102823F}.Debug|Any CPU.Build.0 = Debug|Any CPU
		{FB4C041E-7944-4403-A75F-0E44D102823F}.Release|Any CPU.ActiveCfg = Release|Any CPU
		{FB4C041E-7944-4403-A75F-0E44D102823F}.Release|Any CPU.Build.0 = Release|Any CPU
		{16F99FC3-DB92-4DAB-ACDE-B36250D6B89C}.Debug|Any CPU.ActiveCfg = Debug|Any CPU
		{16F99FC3-DB92-4DAB-ACDE-B36250D6B89C}.Debug|Any CPU.Build.0 = Debug|Any CPU
		{16F99FC3-DB92-4DAB-ACDE-B36250D6B89C}.Release|Any CPU.ActiveCfg = Release|Any CPU
		{16F99FC3-DB92-4DAB-ACDE-B36250D6B89C}.Release|Any CPU.Build.0 = Release|Any CPU
		{24719D72-D2CE-417A-8767-1FFDB30F9390}.Debug|Any CPU.ActiveCfg = Debug|Any CPU
		{24719D72-D2CE-417A-8767-1FFDB30F9390}.Debug|Any CPU.Build.0 = Debug|Any CPU
		{24719D72-D2CE-417A-8767-1FFDB30F9390}.Release|Any CPU.ActiveCfg = Release|Any CPU
		{24719D72-D2CE-417A-8767-1FFDB30F9390}.Release|Any CPU.Build.0 = Release|Any CPU
		{269A60F3-2BCF-4B3B-AB33-64F70AC30FD6}.Debug|Any CPU.ActiveCfg = Debug|Any CPU
		{269A60F3-2BCF-4B3B-AB33-64F70AC30FD6}.Debug|Any CPU.Build.0 = Debug|Any CPU
		{269A60F3-2BCF-4B3B-AB33-64F70AC30FD6}.Release|Any CPU.ActiveCfg = Release|Any CPU
		{269A60F3-2BCF-4B3B-AB33-64F70AC30FD6}.Release|Any CPU.Build.0 = Release|Any CPU
	EndGlobalSection
	GlobalSection(SolutionProperties) = preSolution
		HideSolutionNode = FALSE
	EndGlobalSection
	GlobalSection(ExtensibilityGlobals) = postSolution
		SolutionGuid = {960DD6D1-767D-4643-976C-00274A3564B8}
	EndGlobalSection
EndGlobal
